{
  "name": "SShangClient",
  "version": "1.0.0",
  "lockfileVersion": 1,
  "requires": true,
  "dependencies": {
    "@dcloudio/uni-ui": {
      "version": "1.2.3",
      "resolved": "https://registry.npmjs.org/@dcloudio/uni-ui/-/uni-ui-1.2.3.tgz",
      "integrity": "sha512-1oBBy301fAjjMthk9DefCS5MJC+Q//Rtt+SJlHwoHiqYc+UaFOjMzzZPF6FKG/PPGouSoBESfDu9uHnr3xRbZA=="
    }
  }
}
